
Microsoft Visual Studio Solution File, Format Version 12.00
# Visual Studio Version 16
VisualStudioVersion = 16.0.29102.190
MinimumVisualStudioVersion = 10.0.40219.1
Project("{FAE04EC0-301F-11D3-BF4B-00C04F79EFBC}") = "TsigApp", "TsigApp\TsigApp.csproj", "{68753DBF-6DD9-43ED-9657-233DE99FF54F}"
EndProject
Project("{FAE04EC0-301F-11D3-BF4B-00C04F79EFBC}") = "TsigSample", "TsigSample\TsigSample.csproj", "{C25C84EB-9BE3-4D0F-AC9A-6CE176B1DCB9}"
EndProject
Global
	GlobalSection(SolutionConfigurationPlatforms) = preSolution
		Debug|Any CPU = Debug|Any CPU
		Release|Any CPU = Release|Any CPU
	EndGlobalSection
	GlobalSection(ProjectConfigurationPlatforms) = postSolution
		{68753DBF-6DD9-43ED-9657-233DE99FF54F}.Debug|Any CPU.ActiveCfg = Debug|Any CPU
		{68753DBF-6DD9-43ED-9657-233DE99FF54F}.Debug|Any CPU.Build.0 = Debug|Any CPU
		{68753DBF-6DD9-43ED-9657-233DE99FF54F}.Release|Any CPU.ActiveCfg = Release|Any CPU
		{68753DBF-6DD9-43ED-9657-233DE99FF54F}.Release|Any CPU.Build.0 = Release|Any CPU
		{C25C84EB-9BE3-4D0F-AC9A-6CE176B1DCB9}.Debug|Any CPU.ActiveCfg = Debug|Any CPU
		{C25C84EB-9BE3-4D0F-AC9A-6CE176B1DCB9}.Debug|Any CPU.Build.0 = Debug|Any CPU
		{C25C84EB-9BE3-4D0F-AC9A-6CE176B1DCB9}.Release|Any CPU.ActiveCfg = Release|Any CPU
		{C25C84EB-9BE3-4D0F-AC9A-6CE176B1DCB9}.Release|Any CPU.Build.0 = Release|Any CPU
	EndGlobalSection
	GlobalSection(SolutionProperties) = preSolution
		HideSolutionNode = FALSE
	EndGlobalSection
	GlobalSection(ExtensibilityGlobals) = postSolution
		SolutionGuid = {9808611B-3A10-4C52-BBD6-3009EE0EDC22}
	EndGlobalSection
EndGlobal
